
Microsoft Visual Studio Solution File, Format Version 12.00
# Visual Studio Version 16
VisualStudioVersion = 16.0.29509.3
MinimumVisualStudioVersion = 10.0.40219.1
Project("{FAE04EC0-301F-11D3-BF4B-00C04F79EFBC}") = "BabyShop", "BabyShop\BabyShop.csproj", "{F5B056E9-7CB6-4097-83B0-E69B912C4552}"
EndProject
Global
	GlobalSection(SolutionConfigurationPlatforms) = preSolution
		Debug|Any CPU = Debug|Any CPU
		Release|Any CPU = Release|Any CPU
	EndGlobalSection
	GlobalSection(ProjectConfigurationPlatforms) = postSolution
		{F5B056E9-7CB6-4097-83B0-E69B912C4552}.Debug|Any CPU.ActiveCfg = Debug|Any CPU
		{F5B056E9-7CB6-4097-83B0-E69B912C4552}.Debug|Any CPU.Build.0 = Debug|Any CPU
		{F5B056E9-7CB6-4097-83B0-E69B912C4552}.Release|Any CPU.ActiveCfg = Release|Any CPU
		{F5B056E9-7CB6-4097-83B0-E69B912C4552}.Release|Any CPU.Build.0 = Release|Any CPU
	EndGlobalSection
	GlobalSection(SolutionProperties) = preSolution
		HideSolutionNode = FALSE
	EndGlobalSection
	GlobalSection(ExtensibilityGlobals) = postSolution
		SolutionGuid = {C3D918E5-67B3-4652-8EB5-59757E45C701}
	EndGlobalSection
EndGlobal
